<?xml version="1.0" encoding="utf-8"?>
<Project ToolsVersion="4.0" xmlns="http://schemas.microsoft.com/developer/msbuild/2003">
  <ItemGroup>
    <Filter Include="리소스 파일">
      <UniqueIdentifier>{67DA6AB6-F800-4c08-8B7A-83BB121AAD01}</UniqueIdentifier>
      <Extensions>rc;ico;cur;bmp;dlg;rc2;rct;bin;rgs;gif;jpg;jpeg;jpe;resx;tiff;tif;png;wav;mfcribbon-ms</Extensions>
    </Filter>
    <Filter Include="Engine">
      <UniqueIdentifier>{be573519-7a49-4d1a-84f2-7570c3a6fb44}</UniqueIdentifier>
    </Filter>
    <Filter Include="main">
      <UniqueIdentifier>{58dbd6ab-2232-4a23-b126-77e4665822bf}</UniqueIdentifier>
    </Filter>
    <Filter Include="Contents">
      <UniqueIdentifier>{c92deeba-6787-4f6f-a0eb-2f0105df259c}</UniqueIdentifier>
    </Filter>
    <Filter Include="Engine\Common">
      <UniqueIdentifier>{d42a1fa5-9531-4c3c-a86f-c83344ca355f}</UniqueIdentifier>
    </Filter>
    <Filter Include="Engine\GameObject">
      <UniqueIdentifier>{b4433c56-d2e6-4d0d-9259-c37686553fe5}</UniqueIdentifier>
    </Filter>
    <Filter Include="Engine\High Level Interface">
      <UniqueIdentifier>{61e0ce0c-1851-4c2f-b8b1-50ad8e399789}</UniqueIdentifier>
    </Filter>
    <Filter Include="Engine\Scene">
      <UniqueIdentifier>{9d93fed8-e858-4e7b-ba05-58461486bb03}</UniqueIdentifier>
    </Filter>
    <Filter Include="Engine\Component">
      <UniqueIdentifier>{51479d1b-4d75-4dfc-9434-23611c8911b3}</UniqueIdentifier>
    </Filter>
    <Filter Include="Engine\Layer">
      <UniqueIdentifier>{cc2bc656-3033-4f20-abdb-49d4ed8d7491}</UniqueIdentifier>
    </Filter>
    <Filter Include="Contents\Scene">
      <UniqueIdentifier>{b7670575-6de6-41bf-ad7e-34ad46002aa4}</UniqueIdentifier>
    </Filter>
    <Filter Include="Engine\Time">
      <UniqueIdentifier>{7c9dd5dd-ff83-4569-8dd4-eadf4291d98c}</UniqueIdentifier>
    </Filter>
    <Filter Include="Engine\Input">
      <UniqueIdentifier>{b83d2245-1653-45b1-a441-0cbeba1623c4}</UniqueIdentifier>
    </Filter>
    <Filter Include="Engine\Resource">
      <UniqueIdentifier>{f374e26e-6f86-469f-832d-6345a9deaed0}</UniqueIdentifier>
    </Filter>
    <Filter Include="Engine\Component\Transform">
      <UniqueIdentifier>{4bc29157-cbb1-4b8a-9eb3-99842ae8bb6a}</UniqueIdentifier>
    </Filter>
    <Filter Include="Contents\Scene\CombatScene">
      <UniqueIdentifier>{470aaaf8-f844-4e9e-885e-be86032ab8b1}</UniqueIdentifier>
    </Filter>
    <Filter Include="Contents\Scene\TitleScene">
      <UniqueIdentifier>{c609627a-5a13-4326-bc55-37cf89b16d50}</UniqueIdentifier>
    </Filter>
    <Filter Include="Contents\Scene\SelectRobotScene">
      <UniqueIdentifier>{35a9629b-fc63-4fa0-b088-4cffae271294}</UniqueIdentifier>
    </Filter>
    <Filter Include="Contents\Scene\SelectLandScene">
      <UniqueIdentifier>{48f90816-34f9-4620-9c49-05f14a5acac3}</UniqueIdentifier>
    </Filter>
    <Filter Include="Contents\Scene\EndingScene">
      <UniqueIdentifier>{e0c2aaa9-89b3-4360-bbcb-f4092e1a71b5}</UniqueIdentifier>
    </Filter>
    <Filter Include="Contents\Scene\IntroScene">
      <UniqueIdentifier>{659f8fea-b2b1-49df-b120-63131ebbb39e}</UniqueIdentifier>
    </Filter>
    <Filter Include="Engine\Module">
      <UniqueIdentifier>{615ef8ec-47b3-4764-b0d0-014f4863e2ef}</UniqueIdentifier>
    </Filter>
    <Filter Include="Engine\Component\Animator">
      <UniqueIdentifier>{978f6b82-4112-4971-b35d-bccf269d7821}</UniqueIdentifier>
    </Filter>
    <Filter Include="Contents\Tile">
      <UniqueIdentifier>{906ff5fe-bb77-402a-a344-f5dd484e64cf}</UniqueIdentifier>
    </Filter>
    <Filter Include="Contents\Scene\InLandScene">
      <UniqueIdentifier>{f715b4e0-ca4d-4294-a705-2dfc65abe022}</UniqueIdentifier>
    </Filter>
    <Filter Include="Engine\Component\Collider">
      <UniqueIdentifier>{a4fb988b-7ab1-4ae5-82fb-f34699a8f657}</UniqueIdentifier>
    </Filter>
    <Filter Include="Engine\Manager">
      <UniqueIdentifier>{26dafeb7-3def-4508-8966-864240a64195}</UniqueIdentifier>
    </Filter>
    <Filter Include="Contents\Unit">
      <UniqueIdentifier>{e0be7454-b16d-4d7c-bd0a-7acfb8b3dba6}</UniqueIdentifier>
    </Filter>
    <Filter Include="Contents\Unit\Player">
      <UniqueIdentifier>{1b8483da-4a47-45c0-8efe-c8b10d5bfa80}</UniqueIdentifier>
    </Filter>
    <Filter Include="Contents\Unit\Ailen">
      <UniqueIdentifier>{e07f2cc3-accd-43da-a1ae-7785d646cccb}</UniqueIdentifier>
    </Filter>
    <Filter Include="Contents\Attached">
      <UniqueIdentifier>{9f876bf7-4c70-479f-8049-0e809593c900}</UniqueIdentifier>
    </Filter>
    <Filter Include="Contents\Attached\Skill">
      <UniqueIdentifier>{e4e3d1e7-95ae-4ab3-b480-1381f50477ad}</UniqueIdentifier>
    </Filter>
    <Filter Include="Contents\Attached\Pilot">
      <UniqueIdentifier>{3ef4e0b8-7c56-47a7-bf91-47e82cef58a8}</UniqueIdentifier>
    </Filter>
    <Filter Include="Contents\PlayerInfo">
      <UniqueIdentifier>{fe7d43f7-efa7-4779-85c0-28b9564857a3}</UniqueIdentifier>
    </Filter>
    <Filter Include="Engine\Common\Enums">
      <UniqueIdentifier>{e6abab41-70d5-415b-be60-3d291ef0fe6f}</UniqueIdentifier>
    </Filter>
    <Filter Include="Contents\Attached\Skill\Arc">
      <UniqueIdentifier>{51320057-31db-48fe-96e0-bcbd59ee80af}</UniqueIdentifier>
    </Filter>
    <Filter Include="Contents\Attached\Skill\St">
      <UniqueIdentifier>{b3c7f6e8-f816-4ee9-9e17-7518abcf38bc}</UniqueIdentifier>
    </Filter>
    <Filter Include="Contents\UI">
      <UniqueIdentifier>{8b73e896-1c7b-4842-b389-2523892b9bd1}</UniqueIdentifier>
    </Filter>
    <Filter Include="Contents\UI\Background">
      <UniqueIdentifier>{5c697d02-3d51-473b-930a-0bd8296d5b05}</UniqueIdentifier>
    </Filter>
    <Filter Include="Contents\UI\Button">
      <UniqueIdentifier>{764d50ac-eb2d-4c3a-ac4f-9dfaee9fa7b5}</UniqueIdentifier>
    </Filter>
  </ItemGroup>
  <ItemGroup>
    <ClInclude Include="intothebreach.h">
      <Filter>main</Filter>
    </ClInclude>
    <ClInclude Include="framework.h">
      <Filter>main</Filter>
    </ClInclude>
    <ClInclude Include="Resource.h">
      <Filter>main</Filter>
    </ClInclude>
    <ClInclude Include="targetver.h">
      <Filter>main</Filter>
    </ClInclude>
    <ClInclude Include="CommonInclude.h">
      <Filter>Engine\Common</Filter>
    </ClInclude>
    <ClInclude Include="mEnums.h">
      <Filter>Engine\Common</Filter>
    </ClInclude>
    <ClInclude Include="mMath.h">
      <Filter>Engine\Common</Filter>
    </ClInclude>
    <ClInclude Include="_Engine.h">
      <Filter>Engine\Common</Filter>
    </ClInclude>
    <ClInclude Include="mGameObject.h">
      <Filter>Engine\GameObject</Filter>
    </ClInclude>
    <ClInclude Include="mEntity.h">
      <Filter>Engine\Common</Filter>
    </ClInclude>
    <ClInclude Include="mApplication.h">
      <Filter>Engine\High Level Interface</Filter>
    </ClInclude>
    <ClInclude Include="mScene.h">
      <Filter>Engine\Scene</Filter>
    </ClInclude>
    <ClInclude Include="mComponent.h">
      <Filter>Engine\Component</Filter>
    </ClInclude>
    <ClInclude Include="mLayer.h">
      <Filter>Engine\Layer</Filter>
    </ClInclude>
    <ClInclude Include="mTime.h">
      <Filter>Engine\Time</Filter>
    </ClInclude>
    <ClInclude Include="mInput.h">
      <Filter>Engine\Input</Filter>
    </ClInclude>
    <ClInclude Include="mResource.h">
      <Filter>Engine\Resource</Filter>
    </ClInclude>
    <ClInclude Include="mResources.h">
      <Filter>Engine\Resource</Filter>
    </ClInclude>
    <ClInclude Include="mImage.h">
      <Filter>Engine\Resource</Filter>
    </ClInclude>
    <ClInclude Include="mTransform.h">
      <Filter>Engine\Component\Transform</Filter>
    </ClInclude>
    <ClInclude Include="mCombatScene.h">
      <Filter>Contents\Scene\CombatScene</Filter>
    </ClInclude>
    <ClInclude Include="mSelectRobotScene.h">
      <Filter>Contents\Scene\SelectRobotScene</Filter>
    </ClInclude>
    <ClInclude Include="mTitleScene.h">
      <Filter>Contents\Scene\TitleScene</Filter>
    </ClInclude>
    <ClInclude Include="mSelectLandScene.h">
      <Filter>Contents\Scene\SelectLandScene</Filter>
    </ClInclude>
    <ClInclude Include="mSelectGDI.h">
      <Filter>Engine\Module</Filter>
    </ClInclude>
    <ClInclude Include="mEndingScene.h">
      <Filter>Contents\Scene\EndingScene</Filter>
    </ClInclude>
    <ClInclude Include="mIntroScene.h">
      <Filter>Contents\Scene\IntroScene</Filter>
    </ClInclude>
    <ClInclude Include="mAnimation.h">
      <Filter>Engine\Component\Animator</Filter>
    </ClInclude>
    <ClInclude Include="mAnimator.h">
      <Filter>Engine\Component\Animator</Filter>
    </ClInclude>
    <ClInclude Include="def.h">
      <Filter>Engine\Common</Filter>
    </ClInclude>
    <ClInclude Include="mInLandScene.h">
      <Filter>Contents\Scene\InLandScene</Filter>
    </ClInclude>
    <ClInclude Include="mCollider.h">
      <Filter>Engine\Component\Collider</Filter>
    </ClInclude>
    <ClInclude Include="mSceneManager.h">
      <Filter>Engine\Manager</Filter>
    </ClInclude>
    <ClInclude Include="mPilot.h">
      <Filter>Contents\Attached\Pilot</Filter>
    </ClInclude>
    <ClInclude Include="mPlayerInfo.h">
      <Filter>Contents\PlayerInfo</Filter>
    </ClInclude>
    <ClInclude Include="Mech.h">
      <Filter>Contents\Unit\Player</Filter>
    </ClInclude>
    <ClInclude Include="mCamera.h">
      <Filter>Engine\Manager</Filter>
    </ClInclude>
    <ClInclude Include="mCollisionManager.h">
      <Filter>Engine\Manager</Filter>
    </ClInclude>
    <ClInclude Include="mTile.h">
      <Filter>Contents\Tile</Filter>
    </ClInclude>
    <ClInclude Include="Alien.h">
      <Filter>Contents\Unit\Ailen</Filter>
    </ClInclude>
    <ClInclude Include="func.h">
      <Filter>Engine\Common</Filter>
    </ClInclude>
    <ClInclude Include="Building.h">
      <Filter>Contents\Tile</Filter>
    </ClInclude>
    <ClInclude Include="mUnit.h">
      <Filter>Contents\Unit</Filter>
    </ClInclude>
    <ClInclude Include="mSkill.h">
      <Filter>Contents\Attached\Skill</Filter>
    </ClInclude>
    <ClInclude Include="MechEnums.h">
      <Filter>Engine\Common\Enums</Filter>
    </ClInclude>
    <ClInclude Include="AlienEnums.h">
      <Filter>Engine\Common\Enums</Filter>
    </ClInclude>
    <ClInclude Include="IslandEnums.h">
      <Filter>Engine\Common\Enums</Filter>
    </ClInclude>
    <ClInclude Include="TileEnums.h">
      <Filter>Engine\Common\Enums</Filter>
    </ClInclude>
    <ClInclude Include="StructureEnums.h">
      <Filter>Engine\Common\Enums</Filter>
    </ClInclude>
    <ClInclude Include="SkillEnums.h">
      <Filter>Engine\Common\Enums</Filter>
    </ClInclude>
    <ClInclude Include="UnitEnums.h">
      <Filter>Engine\Common\Enums</Filter>
    </ClInclude>
    <ClInclude Include="mSkill_Arc.h">
      <Filter>Contents\Attached\Skill\Arc</Filter>
    </ClInclude>
    <ClInclude Include="mSkill_St.h">
      <Filter>Contents\Attached\Skill\St</Filter>
    </ClInclude>
    <ClInclude Include="mUI.h">
      <Filter>Contents\UI</Filter>
    </ClInclude>
    <ClInclude Include="mBackground.h">
      <Filter>Contents\UI\Background</Filter>
    </ClInclude>
    <ClInclude Include="UIEnums.h">
      <Filter>Engine\Common\Enums</Filter>
    </ClInclude>
    <ClInclude Include="mButton.h">
      <Filter>Contents\UI\Button</Filter>
    </ClInclude>
  </ItemGroup>
  <ItemGroup>
    <ResourceCompile Include="intothebreach.rc">
      <Filter>리소스 파일</Filter>
    </ResourceCompile>
  </ItemGroup>
  <ItemGroup>
    <Image Include="small.ico">
      <Filter>리소스 파일</Filter>
    </Image>
    <Image Include="intothebreach.ico">
      <Filter>리소스 파일</Filter>
    </Image>
  </ItemGroup>
  <ItemGroup>
    <ClCompile Include="main.cpp">
      <Filter>main</Filter>
    </ClCompile>
    <ClCompile Include="mGameObject.cpp">
      <Filter>Engine\GameObject</Filter>
    </ClCompile>
    <ClCompile Include="mEntity.cpp">
      <Filter>Engine\Common</Filter>
    </ClCompile>
    <ClCompile Include="mApplication.cpp">
      <Filter>Engine\High Level Interface</Filter>
    </ClCompile>
    <ClCompile Include="mScene.cpp">
      <Filter>Engine\Scene</Filter>
    </ClCompile>
    <ClCompile Include="mComponent.cpp">
      <Filter>Engine\Component</Filter>
    </ClCompile>
    <ClCompile Include="mLayer.cpp">
      <Filter>Engine\Layer</Filter>
    </ClCompile>
    <ClCompile Include="mTime.cpp">
      <Filter>Engine\Time</Filter>
    </ClCompile>
    <ClCompile Include="mInput.cpp">
      <Filter>Engine\Input</Filter>
    </ClCompile>
    <ClCompile Include="mResource.cpp">
      <Filter>Engine\Resource</Filter>
    </ClCompile>
    <ClCompile Include="mResources.cpp">
      <Filter>Engine\Resource</Filter>
    </ClCompile>
    <ClCompile Include="mImage.cpp">
      <Filter>Engine\Resource</Filter>
    </ClCompile>
    <ClCompile Include="mTransform.cpp">
      <Filter>Engine\Component\Transform</Filter>
    </ClCompile>
    <ClCompile Include="mCombatScene.cpp">
      <Filter>Contents\Scene\CombatScene</Filter>
    </ClCompile>
    <ClCompile Include="mSelectRobotScene.cpp">
      <Filter>Contents\Scene\SelectRobotScene</Filter>
    </ClCompile>
    <ClCompile Include="mTitleScene.cpp">
      <Filter>Contents\Scene\TitleScene</Filter>
    </ClCompile>
    <ClCompile Include="mSelectLandScene.cpp">
      <Filter>Contents\Scene\SelectLandScene</Filter>
    </ClCompile>
    <ClCompile Include="mSelectGDI.cpp">
      <Filter>Engine\Module</Filter>
    </ClCompile>
    <ClCompile Include="mEndingScene.cpp">
      <Filter>Contents\Scene\EndingScene</Filter>
    </ClCompile>
    <ClCompile Include="mIntroScene.cpp">
      <Filter>Contents\Scene\IntroScene</Filter>
    </ClCompile>
    <ClCompile Include="mAnimation.cpp">
      <Filter>Engine\Component\Animator</Filter>
    </ClCompile>
    <ClCompile Include="mAnimator.cpp">
      <Filter>Engine\Component\Animator</Filter>
    </ClCompile>
    <ClCompile Include="mInLandScene.cpp">
      <Filter>Contents\Scene\InLandScene</Filter>
    </ClCompile>
    <ClCompile Include="mCollider.cpp">
      <Filter>Engine\Component\Collider</Filter>
    </ClCompile>
    <ClCompile Include="mSceneManager.cpp">
      <Filter>Engine\Manager</Filter>
    </ClCompile>
    <ClCompile Include="mPilot.cpp">
      <Filter>Contents\Attached\Pilot</Filter>
    </ClCompile>
    <ClCompile Include="mPlayerInfo.cpp">
      <Filter>Contents\PlayerInfo</Filter>
    </ClCompile>
    <ClCompile Include="Mech.cpp">
      <Filter>Contents\Unit\Player</Filter>
    </ClCompile>
    <ClCompile Include="mCamera.cpp">
      <Filter>Engine\Manager</Filter>
    </ClCompile>
    <ClCompile Include="mCollisionManager.cpp">
      <Filter>Engine\Manager</Filter>
    </ClCompile>
    <ClCompile Include="mTile.cpp">
      <Filter>Contents\Tile</Filter>
    </ClCompile>
    <ClCompile Include="Alien.cpp">
      <Filter>Contents\Unit\Ailen</Filter>
    </ClCompile>
    <ClCompile Include="Building.cpp">
      <Filter>Contents\Tile</Filter>
    </ClCompile>
    <ClCompile Include="mUnit.cpp">
      <Filter>Contents\Unit</Filter>
    </ClCompile>
    <ClCompile Include="mSkill.cpp">
      <Filter>Contents\Attached\Skill</Filter>
    </ClCompile>
    <ClCompile Include="mSkill_Arc.cpp">
      <Filter>Contents\Attached\Skill\Arc</Filter>
    </ClCompile>
    <ClCompile Include="mSkill_St.cpp">
      <Filter>Contents\Attached\Skill\St</Filter>
    </ClCompile>
    <ClCompile Include="mUI.cpp">
      <Filter>Contents\UI</Filter>
    </ClCompile>
    <ClCompile Include="mBackground.cpp">
      <Filter>Contents\UI\Background</Filter>
    </ClCompile>
    <ClCompile Include="mButton.cpp">
      <Filter>Contents\UI\Button</Filter>
    </ClCompile>
  </ItemGroup>
</Project>